// !$*UTF8*$!
{
	archiveVersion = 1;
	classes = {
	};
	objectVersion = 51;
	objects = {

/* Begin PBXBuildFile section */
		703FF8832683D033000B3014 /* DetailsViewController.m in Sources */ = {isa = PBXBuildFile; fileRef = 703FF8822683D033000B3014 /* DetailsViewController.m */; };
		70BA3C392683902600A2DF58 /* AppDelegate.m in Sources */ = {isa = PBXBuildFile; fileRef = 70BA3C382683902600A2DF58 /* AppDelegate.m */; };
		70BA3C3C2683902600A2DF58 /* SceneDelegate.m in Sources */ = {isa = PBXBuildFile; fileRef = 70BA3C3B2683902600A2DF58 /* SceneDelegate.m */; };
		70BA3C422683902600A2DF58 /* Main.storyboard in Resources */ = {isa = PBXBuildFile; fileRef = 70BA3C402683902600A2DF58 /* Main.storyboard */; };
		70BA3C442683902700A2DF58 /* Assets.xcassets in Resources */ = {isa = PBXBuildFile; fileRef = 70BA3C432683902700A2DF58 /* Assets.xcassets */; };
		70BA3C472683902700A2DF58 /* LaunchScreen.storyboard in Resources */ = {isa = PBXBuildFile; fileRef = 70BA3C452683902700A2DF58 /* LaunchScreen.storyboard */; };
		70BA3C4A2683902700A2DF58 /* main.m in Sources */ = {isa = PBXBuildFile; fileRef = 70BA3C492683902700A2DF58 /* main.m */; };
		70BA3C542683902700A2DF58 /* FlixTests.m in Sources */ = {isa = PBXBuildFile; fileRef = 70BA3C532683902700A2DF58 /* FlixTests.m */; };
		70BA3C5F2683902700A2DF58 /* FlixUITests.m in Sources */ = {isa = PBXBuildFile; fileRef = 70BA3C5E2683902700A2DF58 /* FlixUITests.m */; };
		70BA3C6E26839B4700A2DF58 /* MoviesViewController.m in Sources */ = {isa = PBXBuildFile; fileRef = 70BA3C6D26839B4700A2DF58 /* MoviesViewController.m */; };
		70BA3C742683C39300A2DF58 /* MovieCell.m in Sources */ = {isa = PBXBuildFile; fileRef = 70BA3C732683C39300A2DF58 /* MovieCell.m */; };
		92F2D7E7EE9031314C0F37F3 /* Pods_Flix_FlixUITests.framework in Frameworks */ = {isa = PBXBuildFile; fileRef = 7FE04268D8DB09EE2B317080 /* Pods_Flix_FlixUITests.framework */; };
		976A55D781206C15A435E6C5 /* Pods_FlixTests.framework in Frameworks */ = {isa = PBXBuildFile; fileRef = 123E7A0F675B4AD7C70A33C3 /* Pods_FlixTests.framework */; };
		F9AF73CEA4C2B64B22096BEA /* Pods_Flix.framework in Frameworks */ = {isa = PBXBuildFile; fileRef = 58951B5DBDEBDDED38BD059C /* Pods_Flix.framework */; };
/* End PBXBuildFile section */

/* Begin PBXContainerItemProxy section */
		70BA3C502683902700A2DF58 /* PBXContainerItemProxy */ = {
			isa = PBXContainerItemProxy;
			containerPortal = 70BA3C2C2683902600A2DF58 /* Project object */;
			proxyType = 1;
			remoteGlobalIDString = 70BA3C332683902600A2DF58;
			remoteInfo = Flix;
		};
		70BA3C5B2683902700A2DF58 /* PBXContainerItemProxy */ = {
			isa = PBXContainerItemProxy;
			containerPortal = 70BA3C2C2683902600A2DF58 /* Project object */;
			proxyType = 1;
			remoteGlobalIDString = 70BA3C332683902600A2DF58;
			remoteInfo = Flix;
		};
/* End PBXContainerItemProxy section */

/* Begin PBXFileReference section */
		02380D1889DEE5103CE7BD9E /* Pods-Flix.release.xcconfig */ = {isa = PBXFileReference; includeInIndex = 1; lastKnownFileType = text.xcconfig; name = "Pods-Flix.release.xcconfig"; path = "Target Support Files/Pods-Flix/Pods-Flix.release.xcconfig"; sourceTree = "<group>"; };
		0911FC053C3ECA98F2CC30AD /* Pods-Flix.debug.xcconfig */ = {isa = PBXFileReference; includeInIndex = 1; lastKnownFileType = text.xcconfig; name = "Pods-Flix.debug.xcconfig"; path = "Target Support Files/Pods-Flix/Pods-Flix.debug.xcconfig"; sourceTree = "<group>"; };
		123E7A0F675B4AD7C70A33C3 /* Pods_FlixTests.framework */ = {isa = PBXFileReference; explicitFileType = wrapper.framework; includeInIndex = 0; path = Pods_FlixTests.framework; sourceTree = BUILT_PRODUCTS_DIR; };
		58951B5DBDEBDDED38BD059C /* Pods_Flix.framework */ = {isa = PBXFileReference; explicitFileType = wrapper.framework; includeInIndex = 0; path = Pods_Flix.framework; sourceTree = BUILT_PRODUCTS_DIR; };
		703FF8812683D033000B3014 /* DetailsViewController.h */ = {isa = PBXFileReference; lastKnownFileType = sourcecode.c.h; path = DetailsViewController.h; sourceTree = "<group>"; };
		703FF8822683D033000B3014 /* DetailsViewController.m */ = {isa = PBXFileReference; lastKnownFileType = sourcecode.c.objc; path = DetailsViewController.m; sourceTree = "<group>"; };
		70BA3C342683902600A2DF58 /* Flix.app */ = {isa = PBXFileReference; explicitFileType = wrapper.application; includeInIndex = 0; path = Flix.app; sourceTree = BUILT_PRODUCTS_DIR; };
		70BA3C372683902600A2DF58 /* AppDelegate.h */ = {isa = PBXFileReference; lastKnownFileType = sourcecode.c.h; path = AppDelegate.h; sourceTree = "<group>"; };
		70BA3C382683902600A2DF58 /* AppDelegate.m */ = {isa = PBXFileReference; lastKnownFileType = sourcecode.c.objc; path = AppDelegate.m; sourceTree = "<group>"; };
		70BA3C3A2683902600A2DF58 /* SceneDelegate.h */ = {isa = PBXFileReference; lastKnownFileType = sourcecode.c.h; path = SceneDelegate.h; sourceTree = "<group>"; };
		70BA3C3B2683902600A2DF58 /* SceneDelegate.m */ = {isa = PBXFileReference; lastKnownFileType = sourcecode.c.objc; path = SceneDelegate.m; sourceTree = "<group>"; };
		70BA3C412683902600A2DF58 /* Base */ = {isa = PBXFileReference; lastKnownFileType = file.storyboard; name = Base; path = Base.lproj/Main.storyboard; sourceTree = "<group>"; };
		70BA3C432683902700A2DF58 /* Assets.xcassets */ = {isa = PBXFileReference; lastKnownFileType = folder.assetcatalog; path = Assets.xcassets; sourceTree = "<group>"; };
		70BA3C462683902700A2DF58 /* Base */ = {isa = PBXFileReference; lastKnownFileType = file.storyboard; name = Base; path = Base.lproj/LaunchScreen.storyboard; sourceTree = "<group>"; };
		70BA3C482683902700A2DF58 /* Info.plist */ = {isa = PBXFileReference; lastKnownFileType = text.plist.xml; path = Info.plist; sourceTree = "<group>"; };
		70BA3C492683902700A2DF58 /* main.m */ = {isa = PBXFileReference; lastKnownFileType = sourcecode.c.objc; path = main.m; sourceTree = "<group>"; };
		70BA3C4F2683902700A2DF58 /* FlixTests.xctest */ = {isa = PBXFileReference; explicitFileType = wrapper.cfbundle; includeInIndex = 0; path = FlixTests.xctest; sourceTree = BUILT_PRODUCTS_DIR; };
		70BA3C532683902700A2DF58 /* FlixTests.m */ = {isa = PBXFileReference; lastKnownFileType = sourcecode.c.objc; path = FlixTests.m; sourceTree = "<group>"; };
		70BA3C552683902700A2DF58 /* Info.plist */ = {isa = PBXFileReference; lastKnownFileType = text.plist.xml; path = Info.plist; sourceTree = "<group>"; };
		70BA3C5A2683902700A2DF58 /* FlixUITests.xctest */ = {isa = PBXFileReference; explicitFileType = wrapper.cfbundle; includeInIndex = 0; path = FlixUITests.xctest; sourceTree = BUILT_PRODUCTS_DIR; };
		70BA3C5E2683902700A2DF58 /* FlixUITests.m */ = {isa = PBXFileReference; lastKnownFileType = sourcecode.c.objc; path = FlixUITests.m; sourceTree = "<group>"; };
		70BA3C602683902700A2DF58 /* Info.plist */ = {isa = PBXFileReference; lastKnownFileType = text.plist.xml; path = Info.plist; sourceTree = "<group>"; };
		70BA3C6C26839B4700A2DF58 /* MoviesViewController.h */ = {isa = PBXFileReference; lastKnownFileType = sourcecode.c.h; path = MoviesViewController.h; sourceTree = "<group>"; };
		70BA3C6D26839B4700A2DF58 /* MoviesViewController.m */ = {isa = PBXFileReference; lastKnownFileType = sourcecode.c.objc; path = MoviesViewController.m; sourceTree = "<group>"; };
		70BA3C722683C39300A2DF58 /* MovieCell.h */ = {isa = PBXFileReference; lastKnownFileType = sourcecode.c.h; path = MovieCell.h; sourceTree = "<group>"; };
		70BA3C732683C39300A2DF58 /* MovieCell.m */ = {isa = PBXFileReference; lastKnownFileType = sourcecode.c.objc; path = MovieCell.m; sourceTree = "<group>"; };
		7FE04268D8DB09EE2B317080 /* Pods_Flix_FlixUITests.framework */ = {isa = PBXFileReference; explicitFileType = wrapper.framework; includeInIndex = 0; path = Pods_Flix_FlixUITests.framework; sourceTree = BUILT_PRODUCTS_DIR; };
		80B009A0808359760029E576 /* Pods-FlixTests.debug.xcconfig */ = {isa = PBXFileReference; includeInIndex = 1; lastKnownFileType = text.xcconfig; name = "Pods-FlixTests.debug.xcconfig"; path = "Target Support Files/Pods-FlixTests/Pods-FlixTests.debug.xcconfig"; sourceTree = "<group>"; };
		B16A00F1219BAD56CDED1DF4 /* Pods-Flix-FlixUITests.release.xcconfig */ = {isa = PBXFileReference; includeInIndex = 1; lastKnownFileType = text.xcconfig; name = "Pods-Flix-FlixUITests.release.xcconfig"; path = "Target Support Files/Pods-Flix-FlixUITests/Pods-Flix-FlixUITests.release.xcconfig"; sourceTree = "<group>"; };
		D91467C24FD4CFBEB38605F3 /* Pods-Flix-FlixUITests.debug.xcconfig */ = {isa = PBXFileReference; includeInIndex = 1; lastKnownFileType = text.xcconfig; name = "Pods-Flix-FlixUITests.debug.xcconfig"; path = "Target Support Files/Pods-Flix-FlixUITests/Pods-Flix-FlixUITests.debug.xcconfig"; sourceTree = "<group>"; };
		E923D0BA369177BCCAC74416 /* Pods-FlixTests.release.xcconfig */ = {isa = PBXFileReference; includeInIndex = 1; lastKnownFileType = text.xcconfig; name = "Pods-FlixTests.release.xcconfig"; path = "Target Support Files/Pods-FlixTests/Pods-FlixTests.release.xcconfig"; sourceTree = "<group>"; };
/* End PBXFileReference section */

/* Begin PBXFrameworksBuildPhase section */
		70BA3C312683902600A2DF58 /* Frameworks */ = {
			isa = PBXFrameworksBuildPhase;
			buildActionMask = 2147483647;
			files = (
				F9AF73CEA4C2B64B22096BEA /* Pods_Flix.framework in Frameworks */,
			);
			runOnlyForDeploymentPostprocessing = 0;
		};
		70BA3C4C2683902700A2DF58 /* Frameworks */ = {
			isa = PBXFrameworksBuildPhase;
			buildActionMask = 2147483647;
			files = (
				976A55D781206C15A435E6C5 /* Pods_FlixTests.framework in Frameworks */,
			);
			runOnlyForDeploymentPostprocessing = 0;
		};
		70BA3C572683902700A2DF58 /* Frameworks */ = {
			isa = PBXFrameworksBuildPhase;
			buildActionMask = 2147483647;
			files = (
				92F2D7E7EE9031314C0F37F3 /* Pods_Flix_FlixUITests.framework in Frameworks */,
			);
			runOnlyForDeploymentPostprocessing = 0;
		};
/* End PBXFrameworksBuildPhase section */

/* Begin PBXGroup section */
		70BA3C2B2683902600A2DF58 = {
			isa = PBXGroup;
			children = (
				70BA3C362683902600A2DF58 /* Flix */,
				70BA3C522683902700A2DF58 /* FlixTests */,
				70BA3C5D2683902700A2DF58 /* FlixUITests */,
				70BA3C352683902600A2DF58 /* Products */,
				FE253CCB5091DE8338D22310 /* Pods */,
				D250992A1EA4C87A6BE7067C /* Frameworks */,
			);
			sourceTree = "<group>";
		};
		70BA3C352683902600A2DF58 /* Products */ = {
			isa = PBXGroup;
			children = (
				70BA3C342683902600A2DF58 /* Flix.app */,
				70BA3C4F2683902700A2DF58 /* FlixTests.xctest */,
				70BA3C5A2683902700A2DF58 /* FlixUITests.xctest */,
			);
			name = Products;
			sourceTree = "<group>";
		};
		70BA3C362683902600A2DF58 /* Flix */ = {
			isa = PBXGroup;
			children = (
				70BA3C7126839C3400A2DF58 /* Models */,
				70BA3C7026839C2C00A2DF58 /* Views */,
				70BA3C6F26839C2500A2DF58 /* View Controllers */,
				70BA3C372683902600A2DF58 /* AppDelegate.h */,
				70BA3C382683902600A2DF58 /* AppDelegate.m */,
				70BA3C3A2683902600A2DF58 /* SceneDelegate.h */,
				70BA3C3B2683902600A2DF58 /* SceneDelegate.m */,
				70BA3C402683902600A2DF58 /* Main.storyboard */,
				70BA3C432683902700A2DF58 /* Assets.xcassets */,
				70BA3C452683902700A2DF58 /* LaunchScreen.storyboard */,
				70BA3C482683902700A2DF58 /* Info.plist */,
				70BA3C492683902700A2DF58 /* main.m */,
			);
			path = Flix;
			sourceTree = "<group>";
		};
		70BA3C522683902700A2DF58 /* FlixTests */ = {
			isa = PBXGroup;
			children = (
				70BA3C532683902700A2DF58 /* FlixTests.m */,
				70BA3C552683902700A2DF58 /* Info.plist */,
			);
			path = FlixTests;
			sourceTree = "<group>";
		};
		70BA3C5D2683902700A2DF58 /* FlixUITests */ = {
			isa = PBXGroup;
			children = (
				70BA3C5E2683902700A2DF58 /* FlixUITests.m */,
				70BA3C602683902700A2DF58 /* Info.plist */,
			);
			path = FlixUITests;
			sourceTree = "<group>";
		};
		70BA3C6F26839C2500A2DF58 /* View Controllers */ = {
			isa = PBXGroup;
			children = (
				703FF8822683D033000B3014 /* DetailsViewController.m */,
				703FF8812683D033000B3014 /* DetailsViewController.h */,
				70BA3C6C26839B4700A2DF58 /* MoviesViewController.h */,
				70BA3C6D26839B4700A2DF58 /* MoviesViewController.m */,
			);
			path = "View Controllers";
			sourceTree = "<group>";
		};
		70BA3C7026839C2C00A2DF58 /* Views */ = {
			isa = PBXGroup;
			children = (
				70BA3C722683C39300A2DF58 /* MovieCell.h */,
				70BA3C732683C39300A2DF58 /* MovieCell.m */,
			);
			path = Views;
			sourceTree = "<group>";
		};
		70BA3C7126839C3400A2DF58 /* Models */ = {
			isa = PBXGroup;
			children = (
			);
			path = Models;
			sourceTree = "<group>";
		};
		D250992A1EA4C87A6BE7067C /* Frameworks */ = {
			isa = PBXGroup;
			children = (
				58951B5DBDEBDDED38BD059C /* Pods_Flix.framework */,
				7FE04268D8DB09EE2B317080 /* Pods_Flix_FlixUITests.framework */,
				123E7A0F675B4AD7C70A33C3 /* Pods_FlixTests.framework */,
			);
			name = Frameworks;
			sourceTree = "<group>";
		};
		FE253CCB5091DE8338D22310 /* Pods */ = {
			isa = PBXGroup;
			children = (
				0911FC053C3ECA98F2CC30AD /* Pods-Flix.debug.xcconfig */,
				02380D1889DEE5103CE7BD9E /* Pods-Flix.release.xcconfig */,
				D91467C24FD4CFBEB38605F3 /* Pods-Flix-FlixUITests.debug.xcconfig */,
				B16A00F1219BAD56CDED1DF4 /* Pods-Flix-FlixUITests.release.xcconfig */,
				80B009A0808359760029E576 /* Pods-FlixTests.debug.xcconfig */,
				E923D0BA369177BCCAC74416 /* Pods-FlixTests.release.xcconfig */,
			);
			path = Pods;
			sourceTree = "<group>";
		};
/* End PBXGroup section */

/* Begin PBXNativeTarget section */
		70BA3C332683902600A2DF58 /* Flix */ = {
			isa = PBXNativeTarget;
			buildConfigurationList = 70BA3C632683902700A2DF58 /* Build configuration list for PBXNativeTarget "Flix" */;
			buildPhases = (
				968DC4B8F6044C4138AC5EC6 /* [CP] Check Pods Manifest.lock */,
				70BA3C302683902600A2DF58 /* Sources */,
				70BA3C312683902600A2DF58 /* Frameworks */,
				70BA3C322683902600A2DF58 /* Resources */,
				7C661AB2C2C4448EB947E6B0 /* [CP] Embed Pods Frameworks */,
			);
			buildRules = (
			);
			dependencies = (
			);
			name = Flix;
			productName = Flix;
			productReference = 70BA3C342683902600A2DF58 /* Flix.app */;
			productType = "com.apple.product-type.application";
		};
		70BA3C4E2683902700A2DF58 /* FlixTests */ = {
			isa = PBXNativeTarget;
			buildConfigurationList = 70BA3C662683902700A2DF58 /* Build configuration list for PBXNativeTarget "FlixTests" */;
			buildPhases = (
				AD24A4F7CB814C6A8A4A265A /* [CP] Check Pods Manifest.lock */,
				70BA3C4B2683902700A2DF58 /* Sources */,
				70BA3C4C2683902700A2DF58 /* Frameworks */,
				70BA3C4D2683902700A2DF58 /* Resources */,
			);
			buildRules = (
			);
			dependencies = (
				70BA3C512683902700A2DF58 /* PBXTargetDependency */,
			);
			name = FlixTests;
			productName = FlixTests;
			productReference = 70BA3C4F2683902700A2DF58 /* FlixTests.xctest */;
			productType = "com.apple.product-type.bundle.unit-test";
		};
		70BA3C592683902700A2DF58 /* FlixUITests */ = {
			isa = PBXNativeTarget;
			buildConfigurationList = 70BA3C692683902700A2DF58 /* Build configuration list for PBXNativeTarget "FlixUITests" */;
			buildPhases = (
				A801A6FCDD944D580FFE35F9 /* [CP] Check Pods Manifest.lock */,
				70BA3C562683902700A2DF58 /* Sources */,
				70BA3C572683902700A2DF58 /* Frameworks */,
				70BA3C582683902700A2DF58 /* Resources */,
				0BC2C00F74918FCDF8BCCDDF /* [CP] Embed Pods Frameworks */,
			);
			buildRules = (
			);
			dependencies = (
				70BA3C5C2683902700A2DF58 /* PBXTargetDependency */,
			);
			name = FlixUITests;
			productName = FlixUITests;
			productReference = 70BA3C5A2683902700A2DF58 /* FlixUITests.xctest */;
			productType = "com.apple.product-type.bundle.ui-testing";
		};
/* End PBXNativeTarget section */

/* Begin PBXProject section */
		70BA3C2C2683902600A2DF58 /* Project object */ = {
			isa = PBXProject;
			attributes = {
				LastUpgradeCheck = 1250;
				TargetAttributes = {
					70BA3C332683902600A2DF58 = {
						CreatedOnToolsVersion = 12.5.1;
					};
					70BA3C4E2683902700A2DF58 = {
						CreatedOnToolsVersion = 12.5.1;
						TestTargetID = 70BA3C332683902600A2DF58;
					};
					70BA3C592683902700A2DF58 = {
						CreatedOnToolsVersion = 12.5.1;
						TestTargetID = 70BA3C332683902600A2DF58;
					};
				};
			};
			buildConfigurationList = 70BA3C2F2683902600A2DF58 /* Build configuration list for PBXProject "Flix" */;
			compatibilityVersion = "Xcode 9.3";
			developmentRegion = en;
			hasScannedForEncodings = 0;
			knownRegions = (
				en,
				Base,
			);
			mainGroup = 70BA3C2B2683902600A2DF58;
			productRefGroup = 70BA3C352683902600A2DF58 /* Products */;
			projectDirPath = "";
			projectRoot = "";
			targets = (
				70BA3C332683902600A2DF58 /* Flix */,
				70BA3C4E2683902700A2DF58 /* FlixTests */,
				70BA3C592683902700A2DF58 /* FlixUITests */,
			);
		};
/* End PBXProject section */

/* Begin PBXResourcesBuildPhase section */
		70BA3C322683902600A2DF58 /* Resources */ = {
			isa = PBXResourcesBuildPhase;
			buildActionMask = 2147483647;
			files = (
				70BA3C472683902700A2DF58 /* LaunchScreen.storyboard in Resources */,
				70BA3C442683902700A2DF58 /* Assets.xcassets in Resources */,
				70BA3C422683902600A2DF58 /* Main.storyboard in Resources */,
			);
			runOnlyForDeploymentPostprocessing = 0;
		};
		70BA3C4D2683902700A2DF58 /* Resources */ = {
			isa = PBXResourcesBuildPhase;
			buildActionMask = 2147483647;
			files = (
			);
			runOnlyForDeploymentPostprocessing = 0;
		};
		70BA3C582683902700A2DF58 /* Resources */ = {
			isa = PBXResourcesBuildPhase;
			buildActionMask = 2147483647;
			files = (
			);
			runOnlyForDeploymentPostprocessing = 0;
		};
/* End PBXResourcesBuildPhase section */

/* Begin PBXShellScriptBuildPhase section */
		0BC2C00F74918FCDF8BCCDDF /* [CP] Embed Pods Frameworks */ = {
			isa = PBXShellScriptBuildPhase;
			buildActionMask = 2147483647;
			files = (
			);
			inputFileListPaths = (
				"${PODS_ROOT}/Target Support Files/Pods-Flix-FlixUITests/Pods-Flix-FlixUITests-frameworks-${CONFIGURATION}-input-files.xcfilelist",
			);
			name = "[CP] Embed Pods Frameworks";
			outputFileListPaths = (
				"${PODS_ROOT}/Target Support Files/Pods-Flix-FlixUITests/Pods-Flix-FlixUITests-frameworks-${CONFIGURATION}-output-files.xcfilelist",
			);
			runOnlyForDeploymentPostprocessing = 0;
			shellPath = /bin/sh;
			shellScript = "\"${PODS_ROOT}/Target Support Files/Pods-Flix-FlixUITests/Pods-Flix-FlixUITests-frameworks.sh\"\n";
			showEnvVarsInLog = 0;
		};
		7C661AB2C2C4448EB947E6B0 /* [CP] Embed Pods Frameworks */ = {
			isa = PBXShellScriptBuildPhase;
			buildActionMask = 2147483647;
			files = (
			);
			inputFileListPaths = (
				"${PODS_ROOT}/Target Support Files/Pods-Flix/Pods-Flix-frameworks-${CONFIGURATION}-input-files.xcfilelist",
			);
			name = "[CP] Embed Pods Frameworks";
			outputFileListPaths = (
				"${PODS_ROOT}/Target Support Files/Pods-Flix/Pods-Flix-frameworks-${CONFIGURATION}-output-files.xcfilelist",
			);
			runOnlyForDeploymentPostprocessing = 0;
			shellPath = /bin/sh;
			shellScript = "\"${PODS_ROOT}/Target Support Files/Pods-Flix/Pods-Flix-frameworks.sh\"\n";
			showEnvVarsInLog = 0;
		};
		968DC4B8F6044C4138AC5EC6 /* [CP] Check Pods Manifest.lock */ = {
			isa = PBXShellScriptBuildPhase;
			buildActionMask = 2147483647;
			files = (
			);
			inputFileListPaths = (
			);
			inputPaths = (
				"${PODS_PODFILE_DIR_PATH}/Podfile.lock",
				"${PODS_ROOT}/Manifest.lock",
			);
			name = "[CP] Check Pods Manifest.lock";
			outputFileListPaths = (
			);
			outputPaths = (
				"$(DERIVED_FILE_DIR)/Pods-Flix-checkManifestLockResult.txt",
			);
			runOnlyForDeploymentPostprocessing = 0;
			shellPath = /bin/sh;
			shellScript = "diff \"${PODS_PODFILE_DIR_PATH}/Podfile.lock\" \"${PODS_ROOT}/Manifest.lock\" > /dev/null\nif [ $? != 0 ] ; then\n    # print error to STDERR\n    echo \"error: The sandbox is not in sync with the Podfile.lock. Run 'pod install' or update your CocoaPods installation.\" >&2\n    exit 1\nfi\n# This output is used by Xcode 'outputs' to avoid re-running this script phase.\necho \"SUCCESS\" > \"${SCRIPT_OUTPUT_FILE_0}\"\n";
			showEnvVarsInLog = 0;
		};
		A801A6FCDD944D580FFE35F9 /* [CP] Check Pods Manifest.lock */ = {
			isa = PBXShellScriptBuildPhase;
			buildActionMask = 2147483647;
			files = (
			);
			inputFileListPaths = (
			);
			inputPaths = (
				"${PODS_PODFILE_DIR_PATH}/Podfile.lock",
				"${PODS_ROOT}/Manifest.lock",
			);
			name = "[CP] Check Pods Manifest.lock";
			outputFileListPaths = (
			);
			outputPaths = (
				"$(DERIVED_FILE_DIR)/Pods-Flix-FlixUITests-checkManifestLockResult.txt",
			);
			runOnlyForDeploymentPostprocessing = 0;
			shellPath = /bin/sh;
			shellScript = "diff \"${PODS_PODFILE_DIR_PATH}/Podfile.lock\" \"${PODS_ROOT}/Manifest.lock\" > /dev/null\nif [ $? != 0 ] ; then\n    # print error to STDERR\n    echo \"error: The sandbox is not in sync with the Podfile.lock. Run 'pod install' or update your CocoaPods installation.\" >&2\n    exit 1\nfi\n# This output is used by Xcode 'outputs' to avoid re-running this script phase.\necho \"SUCCESS\" > \"${SCRIPT_OUTPUT_FILE_0}\"\n";
			showEnvVarsInLog = 0;
		};
		AD24A4F7CB814C6A8A4A265A /* [CP] Check Pods Manifest.lock */ = {
			isa = PBXShellScriptBuildPhase;
			buildActionMask = 2147483647;
			files = (
			);
			inputFileListPaths = (
			);
			inputPaths = (
				"${PODS_PODFILE_DIR_PATH}/Podfile.lock",
				"${PODS_ROOT}/Manifest.lock",
			);
			name = "[CP] Check Pods Manifest.lock";
			outputFileListPaths = (
			);
			outputPaths = (
				"$(DERIVED_FILE_DIR)/Pods-FlixTests-checkManifestLockResult.txt",
			);
			runOnlyForDeploymentPostprocessing = 0;
			shellPath = /bin/sh;
			shellScript = "diff \"${PODS_PODFILE_DIR_PATH}/Podfile.lock\" \"${PODS_ROOT}/Manifest.lock\" > /dev/null\nif [ $? != 0 ] ; then\n    # print error to STDERR\n    echo \"error: The sandbox is not in sync with the Podfile.lock. Run 'pod install' or update your CocoaPods installation.\" >&2\n    exit 1\nfi\n# This output is used by Xcode 'outputs' to avoid re-running this script phase.\necho \"SUCCESS\" > \"${SCRIPT_OUTPUT_FILE_0}\"\n";
			showEnvVarsInLog = 0;
		};
/* End PBXShellScriptBuildPhase section */

/* Begin PBXSourcesBuildPhase section */
		70BA3C302683902600A2DF58 /* Sources */ = {
			isa = PBXSourcesBuildPhase;
			buildActionMask = 2147483647;
			files = (
				70BA3C392683902600A2DF58 /* AppDelegate.m in Sources */,
				70BA3C742683C39300A2DF58 /* MovieCell.m in Sources */,
				70BA3C6E26839B4700A2DF58 /* MoviesViewController.m in Sources */,
				703FF8832683D033000B3014 /* DetailsViewController.m in Sources */,
				70BA3C4A2683902700A2DF58 /* main.m in Sources */,
				70BA3C3C2683902600A2DF58 /* SceneDelegate.m in Sources */,
			);
			runOnlyForDeploymentPostprocessing = 0;
		};
		70BA3C4B2683902700A2DF58 /* Sources */ = {
			isa = PBXSourcesBuildPhase;
			buildActionMask = 2147483647;
			files = (
				70BA3C542683902700A2DF58 /* FlixTests.m in Sources */,
			);
			runOnlyForDeploymentPostprocessing = 0;
		};
		70BA3C562683902700A2DF58 /* Sources */ = {
			isa = PBXSourcesBuildPhase;
			buildActionMask = 2147483647;
			files = (
				70BA3C5F2683902700A2DF58 /* FlixUITests.m in Sources */,
			);
			runOnlyForDeploymentPostprocessing = 0;
		};
/* End PBXSourcesBuildPhase section */

/* Begin PBXTargetDependency section */
		70BA3C512683902700A2DF58 /* PBXTargetDependency */ = {
			isa = PBXTargetDependency;
			target = 70BA3C332683902600A2DF58 /* Flix */;
			targetProxy = 70BA3C502683902700A2DF58 /* PBXContainerItemProxy */;
		};
		70BA3C5C2683902700A2DF58 /* PBXTargetDependency */ = {
			isa = PBXTargetDependency;
			target = 70BA3C332683902600A2DF58 /* Flix */;
			targetProxy = 70BA3C5B2683902700A2DF58 /* PBXContainerItemProxy */;
		};
/* End PBXTargetDependency section */

/* Begin PBXVariantGroup section */
		70BA3C402683902600A2DF58 /* Main.storyboard */ = {
			isa = PBXVariantGroup;
			children = (
				70BA3C412683902600A2DF58 /* Base */,
			);
			name = Main.storyboard;
			sourceTree = "<group>";
		};
		70BA3C452683902700A2DF58 /* LaunchScreen.storyboard */ = {
			isa = PBXVariantGroup;
			children = (
				70BA3C462683902700A2DF58 /* Base */,
			);
			name = LaunchScreen.storyboard;
			sourceTree = "<group>";
		};
/* End PBXVariantGroup section */

/* Begin XCBuildConfiguration section */
		70BA3C612683902700A2DF58 /* Debug */ = {
			isa = XCBuildConfiguration;
			buildSettings = {
				ALWAYS_SEARCH_USER_PATHS = NO;
				CLANG_ANALYZER_NONNULL = YES;
				CLANG_ANALYZER_NUMBER_OBJECT_CONVERSION = YES_AGGRESSIVE;
				CLANG_CXX_LANGUAGE_STANDARD = "gnu++14";
				CLANG_CXX_LIBRARY = "libc++";
				CLANG_ENABLE_MODULES = YES;
				CLANG_ENABLE_OBJC_ARC = YES;
				CLANG_ENABLE_OBJC_WEAK = YES;
				CLANG_WARN_BLOCK_CAPTURE_AUTORELEASING = YES;
				CLANG_WARN_BOOL_CONVERSION = YES;
				CLANG_WARN_COMMA = YES;
				CLANG_WARN_CONSTANT_CONVERSION = YES;
				CLANG_WARN_DEPRECATED_OBJC_IMPLEMENTATIONS = YES;
				CLANG_WARN_DIRECT_OBJC_ISA_USAGE = YES_ERROR;
				CLANG_WARN_DOCUMENTATION_COMMENTS = YES;
				CLANG_WARN_EMPTY_BODY = YES;
				CLANG_WARN_ENUM_CONVERSION = YES;
				CLANG_WARN_INFINITE_RECURSION = YES;
				CLANG_WARN_INT_CONVERSION = YES;
				CLANG_WARN_NON_LITERAL_NULL_CONVERSION = YES;
				CLANG_WARN_OBJC_IMPLICIT_RETAIN_SELF = YES;
				CLANG_WARN_OBJC_LITERAL_CONVERSION = YES;
				CLANG_WARN_OBJC_ROOT_CLASS = YES_ERROR;
				CLANG_WARN_QUOTED_INCLUDE_IN_FRAMEWORK_HEADER = YES;
				CLANG_WARN_RANGE_LOOP_ANALYSIS = YES;
				CLANG_WARN_STRICT_PROTOTYPES = YES;
				CLANG_WARN_SUSPICIOUS_MOVE = YES;
				CLANG_WARN_UNGUARDED_AVAILABILITY = YES_AGGRESSIVE;
				CLANG_WARN_UNREACHABLE_CODE = YES;
				CLANG_WARN__DUPLICATE_METHOD_MATCH = YES;
				COPY_PHASE_STRIP = NO;
				DEBUG_INFORMATION_FORMAT = dwarf;
				ENABLE_STRICT_OBJC_MSGSEND = YES;
				ENABLE_TESTABILITY = YES;
				GCC_C_LANGUAGE_STANDARD = gnu11;
				GCC_DYNAMIC_NO_PIC = NO;
				GCC_NO_COMMON_BLOCKS = YES;
				GCC_OPTIMIZATION_LEVEL = 0;
				GCC_PREPROCESSOR_DEFINITIONS = (
					"DEBUG=1",
					"$(inherited)",
				);
				GCC_WARN_64_TO_32_BIT_CONVERSION = YES;
				GCC_WARN_ABOUT_RETURN_TYPE = YES_ERROR;
				GCC_WARN_UNDECLARED_SELECTOR = YES;
				GCC_WARN_UNINITIALIZED_AUTOS = YES_AGGRESSIVE;
				GCC_WARN_UNUSED_FUNCTION = YES;
				GCC_WARN_UNUSED_VARIABLE = YES;
				IPHONEOS_DEPLOYMENT_TARGET = 14.5;
				MTL_ENABLE_DEBUG_INFO = INCLUDE_SOURCE;
				MTL_FAST_MATH = YES;
				ONLY_ACTIVE_ARCH = YES;
				SDKROOT = iphoneos;
			};
			name = Debug;
		};
		70BA3C622683902700A2DF58 /* Release */ = {
			isa = XCBuildConfiguration;
			buildSettings = {
				ALWAYS_SEARCH_USER_PATHS = NO;
				CLANG_ANALYZER_NONNULL = YES;
				CLANG_ANALYZER_NUMBER_OBJECT_CONVERSION = YES_AGGRESSIVE;
				CLANG_CXX_LANGUAGE_STANDARD = "gnu++14";
				CLANG_CXX_LIBRARY = "libc++";
				CLANG_ENABLE_MODULES = YES;
				CLANG_ENABLE_OBJC_ARC = YES;
				CLANG_ENABLE_OBJC_WEAK = YES;
				CLANG_WARN_BLOCK_CAPTURE_AUTORELEASING = YES;
				CLANG_WARN_BOOL_CONVERSION = YES;
				CLANG_WARN_COMMA = YES;
				CLANG_WARN_CONSTANT_CONVERSION = YES;
				CLANG_WARN_DEPRECATED_OBJC_IMPLEMENTATIONS = YES;
				CLANG_WARN_DIRECT_OBJC_ISA_USAGE = YES_ERROR;
				CLANG_WARN_DOCUMENTATION_COMMENTS = YES;
				CLANG_WARN_EMPTY_BODY = YES;
				CLANG_WARN_ENUM_CONVERSION = YES;
				CLANG_WARN_INFINITE_RECURSION = YES;
				CLANG_WARN_INT_CONVERSION = YES;
				CLANG_WARN_NON_LITERAL_NULL_CONVERSION = YES;
				CLANG_WARN_OBJC_IMPLICIT_RETAIN_SELF = YES;
				CLANG_WARN_OBJC_LITERAL_CONVERSION = YES;
				CLANG_WARN_OBJC_ROOT_CLASS = YES_ERROR;
				CLANG_WARN_QUOTED_INCLUDE_IN_FRAMEWORK_HEADER = YES;
				CLANG_WARN_RANGE_LOOP_ANALYSIS = YES;
				CLANG_WARN_STRICT_PROTOTYPES = YES;
				CLANG_WARN_SUSPICIOUS_MOVE = YES;
				CLANG_WARN_UNGUARDED_AVAILABILITY = YES_AGGRESSIVE;
				CLANG_WARN_UNREACHABLE_CODE = YES;
				CLANG_WARN__DUPLICATE_METHOD_MATCH = YES;
				COPY_PHASE_STRIP = NO;
				DEBUG_INFORMATION_FORMAT = "dwarf-with-dsym";
				ENABLE_NS_ASSERTIONS = NO;
				ENABLE_STRICT_OBJC_MSGSEND = YES;
				GCC_C_LANGUAGE_STANDARD = gnu11;
				GCC_NO_COMMON_BLOCKS = YES;
				GCC_WARN_64_TO_32_BIT_CONVERSION = YES;
				GCC_WARN_ABOUT_RETURN_TYPE = YES_ERROR;
				GCC_WARN_UNDECLARED_SELECTOR = YES;
				GCC_WARN_UNINITIALIZED_AUTOS = YES_AGGRESSIVE;
				GCC_WARN_UNUSED_FUNCTION = YES;
				GCC_WARN_UNUSED_VARIABLE = YES;
				IPHONEOS_DEPLOYMENT_TARGET = 14.5;
				MTL_ENABLE_DEBUG_INFO = NO;
				MTL_FAST_MATH = YES;
				SDKROOT = iphoneos;
				VALIDATE_PRODUCT = YES;
			};
			name = Release;
		};
		70BA3C642683902700A2DF58 /* Debug */ = {
			isa = XCBuildConfiguration;
			baseConfigurationReference = 0911FC053C3ECA98F2CC30AD /* Pods-Flix.debug.xcconfig */;
			buildSettings = {
				ASSETCATALOG_COMPILER_APPICON_NAME = AppIcon;
				ASSETCATALOG_COMPILER_GLOBAL_ACCENT_COLOR_NAME = AccentColor;
				CODE_SIGN_STYLE = Automatic;
				DEVELOPMENT_TEAM = LRC4C3ZCGF;
				INFOPLIST_FILE = Flix/Info.plist;
				LD_RUNPATH_SEARCH_PATHS = (
					"$(inherited)",
					"@executable_path/Frameworks",
				);
				PRODUCT_BUNDLE_IDENTIFIER = com.fb.Flix;
				PRODUCT_NAME = "$(TARGET_NAME)";
				TARGETED_DEVICE_FAMILY = "1,2";
			};
			name = Debug;
		};
		70BA3C652683902700A2DF58 /* Release */ = {
			isa = XCBuildConfiguration;
			baseConfigurationReference = 02380D1889DEE5103CE7BD9E /* Pods-Flix.release.xcconfig */;
			buildSettings = {
				ASSETCATALOG_COMPILER_APPICON_NAME = AppIcon;
				ASSETCATALOG_COMPILER_GLOBAL_ACCENT_COLOR_NAME = AccentColor;
				CODE_SIGN_STYLE = Automatic;
				DEVELOPMENT_TEAM = LRC4C3ZCGF;
				INFOPLIST_FILE = Flix/Info.plist;
				LD_RUNPATH_SEARCH_PATHS = (
					"$(inherited)",
					"@executable_path/Frameworks",
				);
				PRODUCT_BUNDLE_IDENTIFIER = com.fb.Flix;
				PRODUCT_NAME = "$(TARGET_NAME)";
				TARGETED_DEVICE_FAMILY = "1,2";
			};
			name = Release;
		};
		70BA3C672683902700A2DF58 /* Debug */ = {
			isa = XCBuildConfiguration;
			baseConfigurationReference = 80B009A0808359760029E576 /* Pods-FlixTests.debug.xcconfig */;
			buildSettings = {
				BUNDLE_LOADER = "$(TEST_HOST)";
				CODE_SIGN_STYLE = Automatic;
				DEVELOPMENT_TEAM = LRC4C3ZCGF;
				INFOPLIST_FILE = FlixTests/Info.plist;
				IPHONEOS_DEPLOYMENT_TARGET = 14.5;
				LD_RUNPATH_SEARCH_PATHS = (
					"$(inherited)",
					"@executable_path/Frameworks",
					"@loader_path/Frameworks",
				);
				PRODUCT_BUNDLE_IDENTIFIER = com.fb.FlixTests;
				PRODUCT_NAME = "$(TARGET_NAME)";
				TARGETED_DEVICE_FAMILY = "1,2";
				TEST_HOST = "$(BUILT_PRODUCTS_DIR)/Flix.app/Flix";
			};
			name = Debug;
		};
		70BA3C682683902700A2DF58 /* Release */ = {
			isa = XCBuildConfiguration;
			baseConfigurationReference = E923D0BA369177BCCAC74416 /* Pods-FlixTests.release.xcconfig */;
			buildSettings = {
				BUNDLE_LOADER = "$(TEST_HOST)";
				CODE_SIGN_STYLE = Automatic;
				DEVELOPMENT_TEAM = LRC4C3ZCGF;
				INFOPLIST_FILE = FlixTests/Info.plist;
				IPHONEOS_DEPLOYMENT_TARGET = 14.5;
				LD_RUNPATH_SEARCH_PATHS = (
					"$(inherited)",
					"@executable_path/Frameworks",
					"@loader_path/Frameworks",
				);
				PRODUCT_BUNDLE_IDENTIFIER = com.fb.FlixTests;
				PRODUCT_NAME = "$(TARGET_NAME)";
				TARGETED_DEVICE_FAMILY = "1,2";
				TEST_HOST = "$(BUILT_PRODUCTS_DIR)/Flix.app/Flix";
			};
			name = Release;
		};
		70BA3C6A2683902700A2DF58 /* Debug */ = {
			isa = XCBuildConfiguration;
			baseConfigurationReference = D91467C24FD4CFBEB38605F3 /* Pods-Flix-FlixUITests.debug.xcconfig */;
			buildSettings = {
				CODE_SIGN_STYLE = Automatic;
				DEVELOPMENT_TEAM = LRC4C3ZCGF;
				INFOPLIST_FILE = FlixUITests/Info.plist;
				LD_RUNPATH_SEARCH_PATHS = (
					"$(inherited)",
					"@executable_path/Frameworks",
					"@loader_path/Frameworks",
				);
				PRODUCT_BUNDLE_IDENTIFIER = com.fb.FlixUITests;
				PRODUCT_NAME = "$(TARGET_NAME)";
				TARGETED_DEVICE_FAMILY = "1,2";
				TEST_TARGET_NAME = Flix;
			};
			name = Debug;
		};
		70BA3C6B2683902700A2DF58 /* Release */ = {
			isa = XCBuildConfiguration;
			baseConfigurationReference = B16A00F1219BAD56CDED1DF4 /* Pods-Flix-FlixUITests.release.xcconfig */;
			buildSettings = {
				CODE_SIGN_STYLE = Automatic;
				DEVELOPMENT_TEAM = LRC4C3ZCGF;
				INFOPLIST_FILE = FlixUITests/Info.plist;
				LD_RUNPATH_SEARCH_PATHS = (
					"$(inherited)",
					"@executable_path/Frameworks",
					"@loader_path/Frameworks",
				);
				PRODUCT_BUNDLE_IDENTIFIER = com.fb.FlixUITests;
				PRODUCT_NAME = "$(TARGET_NAME)";
				TARGETED_DEVICE_FAMILY = "1,2";
				TEST_TARGET_NAME = Flix;
			};
			name = Release;
		};
/* End XCBuildConfiguration section */

/* Begin XCConfigurationList section */
		70BA3C2F2683902600A2DF58 /* Build configuration list for PBXProject "Flix" */ = {
			isa = XCConfigurationList;
			buildConfigurations = (
				70BA3C612683902700A2DF58 /* Debug */,
				70BA3C622683902700A2DF58 /* Release */,
			);
			defaultConfigurationIsVisible = 0;
			defaultConfigurationName = Release;
		};
		70BA3C632683902700A2DF58 /* Build configuration list for PBXNativeTarget "Flix" */ = {
			isa = XCConfigurationList;
			buildConfigurations = (
				70BA3C642683902700A2DF58 /* Debug */,
				70BA3C652683902700A2DF58 /* Release */,
			);
			defaultConfigurationIsVisible = 0;
			defaultConfigurationName = Release;
		};
		70BA3C662683902700A2DF58 /* Build configuration list for PBXNativeTarget "FlixTests" */ = {
			isa = XCConfigurationList;
			buildConfigurations = (
				70BA3C672683902700A2DF58 /* Debug */,
				70BA3C682683902700A2DF58 /* Release */,
			);
			defaultConfigurationIsVisible = 0;
			defaultConfigurationName = Release;
		};
		70BA3C692683902700A2DF58 /* Build configuration list for PBXNativeTarget "FlixUITests" */ = {
			isa = XCConfigurationList;
			buildConfigurations = (
				70BA3C6A2683902700A2DF58 /* Debug */,
				70BA3C6B2683902700A2DF58 /* Release */,
			);
			defaultConfigurationIsVisible = 0;
			defaultConfigurationName = Release;
		};
/* End XCConfigurationList section */
	};
	rootObject = 70BA3C2C2683902600A2DF58 /* Project object */;
}
